
Microsoft Visual Studio Solution File, Format Version 12.00
# Visual Studio Version 17
VisualStudioVersion = 17.0.31903.59
MinimumVisualStudioVersion = 10.0.40219.1
Project("{2150E333-8FDC-42A3-9474-1A3956D46DE8}") = "Scripts", "Scripts", "{43189B5E-7410-4319-9491-89B413BE554E}"
EndProject
Project("{F2A71F9B-5D33-465A-A702-920D77279786}") = "Snapshots", "Scripts\Snapshots\Snapshots.fsproj", "{97139B02-0F26-4751-8D8F-A759DF2C0DEB}"
EndProject
Project("{F2A71F9B-5D33-465A-A702-920D77279786}") = "WorkScripts.Library", "WorkScripts.Library\WorkScripts.Library.fsproj", "{5D93B323-D04C-4659-98E3-C325F0FD44B9}"
EndProject
Project("{F2A71F9B-5D33-465A-A702-920D77279786}") = "WorkScripts.Testing", "WorkScripts.Testing\WorkScripts.Testing.fsproj", "{91A8A297-0D4B-418C-B385-6EDA930A7F24}"
EndProject
Global
	GlobalSection(SolutionConfigurationPlatforms) = preSolution
		Debug|Any CPU = Debug|Any CPU
		Release|Any CPU = Release|Any CPU
	EndGlobalSection
	GlobalSection(SolutionProperties) = preSolution
		HideSolutionNode = FALSE
	EndGlobalSection
	GlobalSection(ProjectConfigurationPlatforms) = postSolution
		{97139B02-0F26-4751-8D8F-A759DF2C0DEB}.Debug|Any CPU.ActiveCfg = Debug|Any CPU
		{97139B02-0F26-4751-8D8F-A759DF2C0DEB}.Debug|Any CPU.Build.0 = Debug|Any CPU
		{97139B02-0F26-4751-8D8F-A759DF2C0DEB}.Release|Any CPU.ActiveCfg = Release|Any CPU
		{97139B02-0F26-4751-8D8F-A759DF2C0DEB}.Release|Any CPU.Build.0 = Release|Any CPU
		{5D93B323-D04C-4659-98E3-C325F0FD44B9}.Debug|Any CPU.ActiveCfg = Debug|Any CPU
		{5D93B323-D04C-4659-98E3-C325F0FD44B9}.Debug|Any CPU.Build.0 = Debug|Any CPU
		{5D93B323-D04C-4659-98E3-C325F0FD44B9}.Release|Any CPU.ActiveCfg = Release|Any CPU
		{5D93B323-D04C-4659-98E3-C325F0FD44B9}.Release|Any CPU.Build.0 = Release|Any CPU
		{91A8A297-0D4B-418C-B385-6EDA930A7F24}.Debug|Any CPU.ActiveCfg = Debug|Any CPU
		{91A8A297-0D4B-418C-B385-6EDA930A7F24}.Debug|Any CPU.Build.0 = Debug|Any CPU
		{91A8A297-0D4B-418C-B385-6EDA930A7F24}.Release|Any CPU.ActiveCfg = Release|Any CPU
		{91A8A297-0D4B-418C-B385-6EDA930A7F24}.Release|Any CPU.Build.0 = Release|Any CPU
	EndGlobalSection
	GlobalSection(NestedProjects) = preSolution
		{97139B02-0F26-4751-8D8F-A759DF2C0DEB} = {43189B5E-7410-4319-9491-89B413BE554E}
	EndGlobalSection
EndGlobal
